
Microsoft Visual Studio Solution File, Format Version 12.00
# Visual Studio Version 17
VisualStudioVersion = 17.8.34322.80
MinimumVisualStudioVersion = 10.0.40219.1
Project("{9A19103F-16F7-4668-BE54-9A1E7A4F7556}") = "Backend_api", "Backend_api\Backend_api.csproj", "{12CFA6AB-8693-4CC3-84C7-8230542A07E7}"
EndProject
Project("{9A19103F-16F7-4668-BE54-9A1E7A4F7556}") = "Backend_core", "Backend_core\Backend_core.csproj", "{23FA802A-0F3C-479A-A2BF-B3F1605FE494}"
EndProject
Project("{9A19103F-16F7-4668-BE54-9A1E7A4F7556}") = "Backend_DAL", "Backend_DAL\Backend_DAL.csproj", "{B949D6D8-0032-47C7-AFF9-047DD962A576}"
EndProject
Project("{FAE04EC0-301F-11D3-BF4B-00C04F79EFBC}") = "TestConsole", "TestConsole\TestConsole.csproj", "{88CDAF05-E147-4696-B387-82320E7B92F5}"
EndProject
Global
	GlobalSection(SolutionConfigurationPlatforms) = preSolution
		Debug|Any CPU = Debug|Any CPU
		Release|Any CPU = Release|Any CPU
	EndGlobalSection
	GlobalSection(ProjectConfigurationPlatforms) = postSolution
		{12CFA6AB-8693-4CC3-84C7-8230542A07E7}.Debug|Any CPU.ActiveCfg = Debug|Any CPU
		{12CFA6AB-8693-4CC3-84C7-8230542A07E7}.Debug|Any CPU.Build.0 = Debug|Any CPU
		{12CFA6AB-8693-4CC3-84C7-8230542A07E7}.Release|Any CPU.ActiveCfg = Release|Any CPU
		{12CFA6AB-8693-4CC3-84C7-8230542A07E7}.Release|Any CPU.Build.0 = Release|Any CPU
		{23FA802A-0F3C-479A-A2BF-B3F1605FE494}.Debug|Any CPU.ActiveCfg = Debug|Any CPU
		{23FA802A-0F3C-479A-A2BF-B3F1605FE494}.Debug|Any CPU.Build.0 = Debug|Any CPU
		{23FA802A-0F3C-479A-A2BF-B3F1605FE494}.Release|Any CPU.ActiveCfg = Release|Any CPU
		{23FA802A-0F3C-479A-A2BF-B3F1605FE494}.Release|Any CPU.Build.0 = Release|Any CPU
		{B949D6D8-0032-47C7-AFF9-047DD962A576}.Debug|Any CPU.ActiveCfg = Debug|Any CPU
		{B949D6D8-0032-47C7-AFF9-047DD962A576}.Debug|Any CPU.Build.0 = Debug|Any CPU
		{B949D6D8-0032-47C7-AFF9-047DD962A576}.Release|Any CPU.ActiveCfg = Release|Any CPU
		{B949D6D8-0032-47C7-AFF9-047DD962A576}.Release|Any CPU.Build.0 = Release|Any CPU
		{88CDAF05-E147-4696-B387-82320E7B92F5}.Debug|Any CPU.ActiveCfg = Debug|Any CPU
		{88CDAF05-E147-4696-B387-82320E7B92F5}.Debug|Any CPU.Build.0 = Debug|Any CPU
		{88CDAF05-E147-4696-B387-82320E7B92F5}.Release|Any CPU.ActiveCfg = Release|Any CPU
		{88CDAF05-E147-4696-B387-82320E7B92F5}.Release|Any CPU.Build.0 = Release|Any CPU
	EndGlobalSection
	GlobalSection(SolutionProperties) = preSolution
		HideSolutionNode = FALSE
	EndGlobalSection
	GlobalSection(ExtensibilityGlobals) = postSolution
		SolutionGuid = {7C35F976-B7E5-4A85-880B-6A4F398EA00D}
	EndGlobalSection
EndGlobal
